
Microsoft Visual Studio Solution File, Format Version 12.00
# Visual Studio Version 17
VisualStudioVersion = 17.0.32014.148
MinimumVisualStudioVersion = 10.0.40219.1
Project("{FAE04EC0-301F-11D3-BF4B-00C04F79EFBC}") = "GDK-tool", "GDK-tool\GDK-tool.csproj", "{BA29CE38-88C0-4D43-A65A-F09088B36D6A}"
EndProject
Global
	GlobalSection(SolutionConfigurationPlatforms) = preSolution
		Debug|Any CPU = Debug|Any CPU
		Release|Any CPU = Release|Any CPU
	EndGlobalSection
	GlobalSection(ProjectConfigurationPlatforms) = postSolution
		{BA29CE38-88C0-4D43-A65A-F09088B36D6A}.Debug|Any CPU.ActiveCfg = Debug|Any CPU
		{BA29CE38-88C0-4D43-A65A-F09088B36D6A}.Debug|Any CPU.Build.0 = Debug|Any CPU
		{BA29CE38-88C0-4D43-A65A-F09088B36D6A}.Release|Any CPU.ActiveCfg = Release|Any CPU
		{BA29CE38-88C0-4D43-A65A-F09088B36D6A}.Release|Any CPU.Build.0 = Release|Any CPU
	EndGlobalSection
	GlobalSection(SolutionProperties) = preSolution
		HideSolutionNode = FALSE
	EndGlobalSection
	GlobalSection(ExtensibilityGlobals) = postSolution
		SolutionGuid = {85A93CA2-DEB0-4712-9D60-E5935797F487}
	EndGlobalSection
EndGlobal
